// !$*UTF8*$!
{
	archiveVersion = 1;
	classes = {
	};
	objectVersion = 54;
	objects = {

/* Begin PBXBuildFile section */
		A99E55FD271AEF860008C666 /* PointDescriptionViewController.swift in Sources */ = {isa = PBXBuildFile; fileRef = A99E55FC271AEF860008C666 /* PointDescriptionViewController.swift */; };
		A99E55FF271B05710008C666 /* PointModel.swift in Sources */ = {isa = PBXBuildFile; fileRef = A99E55FE271B05710008C666 /* PointModel.swift */; };
		A9A8E9DE2716E43C00E20B54 /* AppDelegate.swift in Sources */ = {isa = PBXBuildFile; fileRef = A9A8E9DD2716E43C00E20B54 /* AppDelegate.swift */; };
		A9A8E9E02716E43C00E20B54 /* SceneDelegate.swift in Sources */ = {isa = PBXBuildFile; fileRef = A9A8E9DF2716E43C00E20B54 /* SceneDelegate.swift */; };
		A9A8E9E22716E43C00E20B54 /* StartViewController.swift in Sources */ = {isa = PBXBuildFile; fileRef = A9A8E9E12716E43C00E20B54 /* StartViewController.swift */; };
		A9A8E9E72716E43F00E20B54 /* Assets.xcassets in Resources */ = {isa = PBXBuildFile; fileRef = A9A8E9E62716E43F00E20B54 /* Assets.xcassets */; };
		A9A8E9EA2716E43F00E20B54 /* LaunchScreen.storyboard in Resources */ = {isa = PBXBuildFile; fileRef = A9A8E9E82716E43F00E20B54 /* LaunchScreen.storyboard */; };
		A9A8E9F2271707B900E20B54 /* MapViewController.swift in Sources */ = {isa = PBXBuildFile; fileRef = A9A8E9F1271707B900E20B54 /* MapViewController.swift */; };
		E94D0573A8B9932E60C7E35A /* Pods_Santehnika_online_Colchugina.framework in Frameworks */ = {isa = PBXBuildFile; fileRef = 28F7BD8AFEAC1FC29B6E19CD /* Pods_Santehnika_online_Colchugina.framework */; };
/* End PBXBuildFile section */

/* Begin PBXFileReference section */
		28F7BD8AFEAC1FC29B6E19CD /* Pods_Santehnika_online_Colchugina.framework */ = {isa = PBXFileReference; explicitFileType = wrapper.framework; includeInIndex = 0; path = Pods_Santehnika_online_Colchugina.framework; sourceTree = BUILT_PRODUCTS_DIR; };
		42AE771A018524AAF09EE517 /* Pods-Santehnika-online-Colchugina.release.xcconfig */ = {isa = PBXFileReference; includeInIndex = 1; lastKnownFileType = text.xcconfig; name = "Pods-Santehnika-online-Colchugina.release.xcconfig"; path = "Target Support Files/Pods-Santehnika-online-Colchugina/Pods-Santehnika-online-Colchugina.release.xcconfig"; sourceTree = "<group>"; };
		71B72397C4B871237A4773B0 /* Pods-Santehnika-online-Colchugina.debug.xcconfig */ = {isa = PBXFileReference; includeInIndex = 1; lastKnownFileType = text.xcconfig; name = "Pods-Santehnika-online-Colchugina.debug.xcconfig"; path = "Target Support Files/Pods-Santehnika-online-Colchugina/Pods-Santehnika-online-Colchugina.debug.xcconfig"; sourceTree = "<group>"; };
		A99E55FC271AEF860008C666 /* PointDescriptionViewController.swift */ = {isa = PBXFileReference; lastKnownFileType = sourcecode.swift; path = PointDescriptionViewController.swift; sourceTree = "<group>"; };
		A99E55FE271B05710008C666 /* PointModel.swift */ = {isa = PBXFileReference; lastKnownFileType = sourcecode.swift; path = PointModel.swift; sourceTree = "<group>"; };
		A9A8E9DA2716E43C00E20B54 /* Santehnika-online-Colchugina.app */ = {isa = PBXFileReference; explicitFileType = wrapper.application; includeInIndex = 0; path = "Santehnika-online-Colchugina.app"; sourceTree = BUILT_PRODUCTS_DIR; };
		A9A8E9DD2716E43C00E20B54 /* AppDelegate.swift */ = {isa = PBXFileReference; lastKnownFileType = sourcecode.swift; path = AppDelegate.swift; sourceTree = "<group>"; };
		A9A8E9DF2716E43C00E20B54 /* SceneDelegate.swift */ = {isa = PBXFileReference; lastKnownFileType = sourcecode.swift; path = SceneDelegate.swift; sourceTree = "<group>"; };
		A9A8E9E12716E43C00E20B54 /* StartViewController.swift */ = {isa = PBXFileReference; lastKnownFileType = sourcecode.swift; path = StartViewController.swift; sourceTree = "<group>"; };
		A9A8E9E62716E43F00E20B54 /* Assets.xcassets */ = {isa = PBXFileReference; lastKnownFileType = folder.assetcatalog; path = Assets.xcassets; sourceTree = "<group>"; };
		A9A8E9E92716E43F00E20B54 /* Base */ = {isa = PBXFileReference; lastKnownFileType = file.storyboard; name = Base; path = Base.lproj/LaunchScreen.storyboard; sourceTree = "<group>"; };
		A9A8E9EB2716E43F00E20B54 /* Info.plist */ = {isa = PBXFileReference; lastKnownFileType = text.plist.xml; path = Info.plist; sourceTree = "<group>"; };
		A9A8E9F1271707B900E20B54 /* MapViewController.swift */ = {isa = PBXFileReference; lastKnownFileType = sourcecode.swift; path = MapViewController.swift; sourceTree = "<group>"; };
/* End PBXFileReference section */

/* Begin PBXFrameworksBuildPhase section */
		A9A8E9D72716E43C00E20B54 /* Frameworks */ = {
			isa = PBXFrameworksBuildPhase;
			buildActionMask = 2147483647;
			files = (
				E94D0573A8B9932E60C7E35A /* Pods_Santehnika_online_Colchugina.framework in Frameworks */,
			);
			runOnlyForDeploymentPostprocessing = 0;
		};
/* End PBXFrameworksBuildPhase section */

/* Begin PBXGroup section */
		1338AFC45D176247E787FBF8 /* Pods */ = {
			isa = PBXGroup;
			children = (
				71B72397C4B871237A4773B0 /* Pods-Santehnika-online-Colchugina.debug.xcconfig */,
				42AE771A018524AAF09EE517 /* Pods-Santehnika-online-Colchugina.release.xcconfig */,
			);
			path = Pods;
			sourceTree = "<group>";
		};
		A99E5600271C1A8F0008C666 /* Controllers */ = {
			isa = PBXGroup;
			children = (
				A9A8E9E12716E43C00E20B54 /* StartViewController.swift */,
				A9A8E9F1271707B900E20B54 /* MapViewController.swift */,
				A99E55FC271AEF860008C666 /* PointDescriptionViewController.swift */,
			);
			path = Controllers;
			sourceTree = "<group>";
		};
		A99E5601271C1A970008C666 /* Model */ = {
			isa = PBXGroup;
			children = (
				A99E55FE271B05710008C666 /* PointModel.swift */,
			);
			path = Model;
			sourceTree = "<group>";
		};
		A9A8E9D12716E43C00E20B54 = {
			isa = PBXGroup;
			children = (
				A9A8E9DC2716E43C00E20B54 /* Santehnika-online-Colchugina */,
				A9A8E9DB2716E43C00E20B54 /* Products */,
				1338AFC45D176247E787FBF8 /* Pods */,
				C601989BAD1F2C33AD49C069 /* Frameworks */,
			);
			sourceTree = "<group>";
		};
		A9A8E9DB2716E43C00E20B54 /* Products */ = {
			isa = PBXGroup;
			children = (
				A9A8E9DA2716E43C00E20B54 /* Santehnika-online-Colchugina.app */,
			);
			name = Products;
			sourceTree = "<group>";
		};
		A9A8E9DC2716E43C00E20B54 /* Santehnika-online-Colchugina */ = {
			isa = PBXGroup;
			children = (
				A9A8E9DD2716E43C00E20B54 /* AppDelegate.swift */,
				A9A8E9DF2716E43C00E20B54 /* SceneDelegate.swift */,
				A9A8E9F32717115000E20B54 /* UI */,
				A9A8E9F62717118F00E20B54 /* Supports */,
				A9A8E9F7271711A200E20B54 /* Storyboard */,
			);
			path = "Santehnika-online-Colchugina";
			sourceTree = "<group>";
		};
		A9A8E9F32717115000E20B54 /* UI */ = {
			isa = PBXGroup;
			children = (
				A99E5600271C1A8F0008C666 /* Controllers */,
				A99E5601271C1A970008C666 /* Model */,
			);
			path = UI;
			sourceTree = "<group>";
		};
		A9A8E9F62717118F00E20B54 /* Supports */ = {
			isa = PBXGroup;
			children = (
				A9A8E9E62716E43F00E20B54 /* Assets.xcassets */,
				A9A8E9EB2716E43F00E20B54 /* Info.plist */,
			);
			path = Supports;
			sourceTree = "<group>";
		};
		A9A8E9F7271711A200E20B54 /* Storyboard */ = {
			isa = PBXGroup;
			children = (
				A9A8E9E82716E43F00E20B54 /* LaunchScreen.storyboard */,
			);
			path = Storyboard;
			sourceTree = "<group>";
		};
		C601989BAD1F2C33AD49C069 /* Frameworks */ = {
			isa = PBXGroup;
			children = (
				28F7BD8AFEAC1FC29B6E19CD /* Pods_Santehnika_online_Colchugina.framework */,
			);
			name = Frameworks;
			sourceTree = "<group>";
		};
/* End PBXGroup section */

/* Begin PBXNativeTarget section */
		A9A8E9D92716E43C00E20B54 /* Santehnika-online-Colchugina */ = {
			isa = PBXNativeTarget;
			buildConfigurationList = A9A8E9EE2716E43F00E20B54 /* Build configuration list for PBXNativeTarget "Santehnika-online-Colchugina" */;
			buildPhases = (
				4A645B44B5F012662589BCF3 /* [CP] Check Pods Manifest.lock */,
				A9A8E9D62716E43C00E20B54 /* Sources */,
				A9A8E9D72716E43C00E20B54 /* Frameworks */,
				A9A8E9D82716E43C00E20B54 /* Resources */,
				4C30B7FC4270844CEB0104A7 /* [CP] Copy Pods Resources */,
			);
			buildRules = (
			);
			dependencies = (
			);
			name = "Santehnika-online-Colchugina";
			productName = "Santehnika-online-Colchugina";
			productReference = A9A8E9DA2716E43C00E20B54 /* Santehnika-online-Colchugina.app */;
			productType = "com.apple.product-type.application";
		};
/* End PBXNativeTarget section */

/* Begin PBXProject section */
		A9A8E9D22716E43C00E20B54 /* Project object */ = {
			isa = PBXProject;
			attributes = {
				BuildIndependentTargetsInParallel = 1;
				LastSwiftUpdateCheck = 1300;
				LastUpgradeCheck = 1300;
				TargetAttributes = {
					A9A8E9D92716E43C00E20B54 = {
						CreatedOnToolsVersion = 13.0;
					};
				};
			};
			buildConfigurationList = A9A8E9D52716E43C00E20B54 /* Build configuration list for PBXProject "Santehnika-online-Colchugina" */;
			compatibilityVersion = "Xcode 12.0";
			developmentRegion = en;
			hasScannedForEncodings = 0;
			knownRegions = (
				en,
				Base,
			);
			mainGroup = A9A8E9D12716E43C00E20B54;
			productRefGroup = A9A8E9DB2716E43C00E20B54 /* Products */;
			projectDirPath = "";
			projectRoot = "";
			targets = (
				A9A8E9D92716E43C00E20B54 /* Santehnika-online-Colchugina */,
			);
		};
/* End PBXProject section */

/* Begin PBXResourcesBuildPhase section */
		A9A8E9D82716E43C00E20B54 /* Resources */ = {
			isa = PBXResourcesBuildPhase;
			buildActionMask = 2147483647;
			files = (
				A9A8E9EA2716E43F00E20B54 /* LaunchScreen.storyboard in Resources */,
				A9A8E9E72716E43F00E20B54 /* Assets.xcassets in Resources */,
			);
			runOnlyForDeploymentPostprocessing = 0;
		};
/* End PBXResourcesBuildPhase section */

/* Begin PBXShellScriptBuildPhase section */
		4A645B44B5F012662589BCF3 /* [CP] Check Pods Manifest.lock */ = {
			isa = PBXShellScriptBuildPhase;
			buildActionMask = 2147483647;
			files = (
			);
			inputFileListPaths = (
			);
			inputPaths = (
				"${PODS_PODFILE_DIR_PATH}/Podfile.lock",
				"${PODS_ROOT}/Manifest.lock",
			);
			name = "[CP] Check Pods Manifest.lock";
			outputFileListPaths = (
			);
			outputPaths = (
				"$(DERIVED_FILE_DIR)/Pods-Santehnika-online-Colchugina-checkManifestLockResult.txt",
			);
			runOnlyForDeploymentPostprocessing = 0;
			shellPath = /bin/sh;
			shellScript = "diff \"${PODS_PODFILE_DIR_PATH}/Podfile.lock\" \"${PODS_ROOT}/Manifest.lock\" > /dev/null\nif [ $? != 0 ] ; then\n    # print error to STDERR\n    echo \"error: The sandbox is not in sync with the Podfile.lock. Run 'pod install' or update your CocoaPods installation.\" >&2\n    exit 1\nfi\n# This output is used by Xcode 'outputs' to avoid re-running this script phase.\necho \"SUCCESS\" > \"${SCRIPT_OUTPUT_FILE_0}\"\n";
			showEnvVarsInLog = 0;
		};
		4C30B7FC4270844CEB0104A7 /* [CP] Copy Pods Resources */ = {
			isa = PBXShellScriptBuildPhase;
			buildActionMask = 2147483647;
			files = (
			);
			inputFileListPaths = (
				"${PODS_ROOT}/Target Support Files/Pods-Santehnika-online-Colchugina/Pods-Santehnika-online-Colchugina-resources-${CONFIGURATION}-input-files.xcfilelist",
			);
			name = "[CP] Copy Pods Resources";
			outputFileListPaths = (
				"${PODS_ROOT}/Target Support Files/Pods-Santehnika-online-Colchugina/Pods-Santehnika-online-Colchugina-resources-${CONFIGURATION}-output-files.xcfilelist",
			);
			runOnlyForDeploymentPostprocessing = 0;
			shellPath = /bin/sh;
			shellScript = "\"${PODS_ROOT}/Target Support Files/Pods-Santehnika-online-Colchugina/Pods-Santehnika-online-Colchugina-resources.sh\"\n";
			showEnvVarsInLog = 0;
		};
/* End PBXShellScriptBuildPhase section */

/* Begin PBXSourcesBuildPhase section */
		A9A8E9D62716E43C00E20B54 /* Sources */ = {
			isa = PBXSourcesBuildPhase;
			buildActionMask = 2147483647;
			files = (
				A9A8E9E22716E43C00E20B54 /* StartViewController.swift in Sources */,
				A9A8E9DE2716E43C00E20B54 /* AppDelegate.swift in Sources */,
				A9A8E9E02716E43C00E20B54 /* SceneDelegate.swift in Sources */,
				A99E55FD271AEF860008C666 /* PointDescriptionViewController.swift in Sources */,
				A99E55FF271B05710008C666 /* PointModel.swift in Sources */,
				A9A8E9F2271707B900E20B54 /* MapViewController.swift in Sources */,
			);
			runOnlyForDeploymentPostprocessing = 0;
		};
/* End PBXSourcesBuildPhase section */

/* Begin PBXVariantGroup section */
		A9A8E9E82716E43F00E20B54 /* LaunchScreen.storyboard */ = {
			isa = PBXVariantGroup;
			children = (
				A9A8E9E92716E43F00E20B54 /* Base */,
			);
			name = LaunchScreen.storyboard;
			sourceTree = "<group>";
		};
/* End PBXVariantGroup section */

/* Begin XCBuildConfiguration section */
		A9A8E9EC2716E43F00E20B54 /* Debug */ = {
			isa = XCBuildConfiguration;
			buildSettings = {
				ALWAYS_SEARCH_USER_PATHS = NO;
				CLANG_ANALYZER_NONNULL = YES;
				CLANG_ANALYZER_NUMBER_OBJECT_CONVERSION = YES_AGGRESSIVE;
				CLANG_CXX_LANGUAGE_STANDARD = "gnu++17";
				CLANG_CXX_LIBRARY = "libc++";
				CLANG_ENABLE_MODULES = YES;
				CLANG_ENABLE_OBJC_ARC = YES;
				CLANG_ENABLE_OBJC_WEAK = YES;
				CLANG_WARN_BLOCK_CAPTURE_AUTORELEASING = YES;
				CLANG_WARN_BOOL_CONVERSION = YES;
				CLANG_WARN_COMMA = YES;
				CLANG_WARN_CONSTANT_CONVERSION = YES;
				CLANG_WARN_DEPRECATED_OBJC_IMPLEMENTATIONS = YES;
				CLANG_WARN_DIRECT_OBJC_ISA_USAGE = YES_ERROR;
				CLANG_WARN_DOCUMENTATION_COMMENTS = YES;
				CLANG_WARN_EMPTY_BODY = YES;
				CLANG_WARN_ENUM_CONVERSION = YES;
				CLANG_WARN_INFINITE_RECURSION = YES;
				CLANG_WARN_INT_CONVERSION = YES;
				CLANG_WARN_NON_LITERAL_NULL_CONVERSION = YES;
				CLANG_WARN_OBJC_IMPLICIT_RETAIN_SELF = YES;
				CLANG_WARN_OBJC_LITERAL_CONVERSION = YES;
				CLANG_WARN_OBJC_ROOT_CLASS = YES_ERROR;
				CLANG_WARN_QUOTED_INCLUDE_IN_FRAMEWORK_HEADER = YES;
				CLANG_WARN_RANGE_LOOP_ANALYSIS = YES;
				CLANG_WARN_STRICT_PROTOTYPES = YES;
				CLANG_WARN_SUSPICIOUS_MOVE = YES;
				CLANG_WARN_UNGUARDED_AVAILABILITY = YES_AGGRESSIVE;
				CLANG_WARN_UNREACHABLE_CODE = YES;
				CLANG_WARN__DUPLICATE_METHOD_MATCH = YES;
				COPY_PHASE_STRIP = NO;
				DEBUG_INFORMATION_FORMAT = dwarf;
				ENABLE_STRICT_OBJC_MSGSEND = YES;
				ENABLE_TESTABILITY = YES;
				GCC_C_LANGUAGE_STANDARD = gnu11;
				GCC_DYNAMIC_NO_PIC = NO;
				GCC_NO_COMMON_BLOCKS = YES;
				GCC_OPTIMIZATION_LEVEL = 0;
				GCC_PREPROCESSOR_DEFINITIONS = (
					"DEBUG=1",
					"$(inherited)",
				);
				GCC_WARN_64_TO_32_BIT_CONVERSION = YES;
				GCC_WARN_ABOUT_RETURN_TYPE = YES_ERROR;
				GCC_WARN_UNDECLARED_SELECTOR = YES;
				GCC_WARN_UNINITIALIZED_AUTOS = YES_AGGRESSIVE;
				GCC_WARN_UNUSED_FUNCTION = YES;
				GCC_WARN_UNUSED_VARIABLE = YES;
				IPHONEOS_DEPLOYMENT_TARGET = 15.0;
				MTL_ENABLE_DEBUG_INFO = INCLUDE_SOURCE;
				MTL_FAST_MATH = YES;
				ONLY_ACTIVE_ARCH = YES;
				SDKROOT = iphoneos;
				SWIFT_ACTIVE_COMPILATION_CONDITIONS = DEBUG;
				SWIFT_OPTIMIZATION_LEVEL = "-Onone";
			};
			name = Debug;
		};
		A9A8E9ED2716E43F00E20B54 /* Release */ = {
			isa = XCBuildConfiguration;
			buildSettings = {
				ALWAYS_SEARCH_USER_PATHS = NO;
				CLANG_ANALYZER_NONNULL = YES;
				CLANG_ANALYZER_NUMBER_OBJECT_CONVERSION = YES_AGGRESSIVE;
				CLANG_CXX_LANGUAGE_STANDARD = "gnu++17";
				CLANG_CXX_LIBRARY = "libc++";
				CLANG_ENABLE_MODULES = YES;
				CLANG_ENABLE_OBJC_ARC = YES;
				CLANG_ENABLE_OBJC_WEAK = YES;
				CLANG_WARN_BLOCK_CAPTURE_AUTORELEASING = YES;
				CLANG_WARN_BOOL_CONVERSION = YES;
				CLANG_WARN_COMMA = YES;
				CLANG_WARN_CONSTANT_CONVERSION = YES;
				CLANG_WARN_DEPRECATED_OBJC_IMPLEMENTATIONS = YES;
				CLANG_WARN_DIRECT_OBJC_ISA_USAGE = YES_ERROR;
				CLANG_WARN_DOCUMENTATION_COMMENTS = YES;
				CLANG_WARN_EMPTY_BODY = YES;
				CLANG_WARN_ENUM_CONVERSION = YES;
				CLANG_WARN_INFINITE_RECURSION = YES;
				CLANG_WARN_INT_CONVERSION = YES;
				CLANG_WARN_NON_LITERAL_NULL_CONVERSION = YES;
				CLANG_WARN_OBJC_IMPLICIT_RETAIN_SELF = YES;
				CLANG_WARN_OBJC_LITERAL_CONVERSION = YES;
				CLANG_WARN_OBJC_ROOT_CLASS = YES_ERROR;
				CLANG_WARN_QUOTED_INCLUDE_IN_FRAMEWORK_HEADER = YES;
				CLANG_WARN_RANGE_LOOP_ANALYSIS = YES;
				CLANG_WARN_STRICT_PROTOTYPES = YES;
				CLANG_WARN_SUSPICIOUS_MOVE = YES;
				CLANG_WARN_UNGUARDED_AVAILABILITY = YES_AGGRESSIVE;
				CLANG_WARN_UNREACHABLE_CODE = YES;
				CLANG_WARN__DUPLICATE_METHOD_MATCH = YES;
				COPY_PHASE_STRIP = NO;
				DEBUG_INFORMATION_FORMAT = "dwarf-with-dsym";
				ENABLE_NS_ASSERTIONS = NO;
				ENABLE_STRICT_OBJC_MSGSEND = YES;
				GCC_C_LANGUAGE_STANDARD = gnu11;
				GCC_NO_COMMON_BLOCKS = YES;
				GCC_WARN_64_TO_32_BIT_CONVERSION = YES;
				GCC_WARN_ABOUT_RETURN_TYPE = YES_ERROR;
				GCC_WARN_UNDECLARED_SELECTOR = YES;
				GCC_WARN_UNINITIALIZED_AUTOS = YES_AGGRESSIVE;
				GCC_WARN_UNUSED_FUNCTION = YES;
				GCC_WARN_UNUSED_VARIABLE = YES;
				IPHONEOS_DEPLOYMENT_TARGET = 15.0;
				MTL_ENABLE_DEBUG_INFO = NO;
				MTL_FAST_MATH = YES;
				SDKROOT = iphoneos;
				SWIFT_COMPILATION_MODE = wholemodule;
				SWIFT_OPTIMIZATION_LEVEL = "-O";
				VALIDATE_PRODUCT = YES;
			};
			name = Release;
		};
		A9A8E9EF2716E43F00E20B54 /* Debug */ = {
			isa = XCBuildConfiguration;
			baseConfigurationReference = 71B72397C4B871237A4773B0 /* Pods-Santehnika-online-Colchugina.debug.xcconfig */;
			buildSettings = {
				ASSETCATALOG_COMPILER_APPICON_NAME = AppIcon;
				ASSETCATALOG_COMPILER_GLOBAL_ACCENT_COLOR_NAME = AccentColor;
				CODE_SIGN_STYLE = Automatic;
				CURRENT_PROJECT_VERSION = 1;
				DEVELOPMENT_TEAM = CY87MBJTCB;
				GENERATE_INFOPLIST_FILE = YES;
				INFOPLIST_FILE = "Santehnika-online-Colchugina/Supports/Info.plist";
				INFOPLIST_KEY_NSLocationWhenInUseUsageDescription = "";
				INFOPLIST_KEY_UIApplicationSupportsIndirectInputEvents = YES;
				INFOPLIST_KEY_UILaunchStoryboardName = LaunchScreen;
				INFOPLIST_KEY_UISupportedInterfaceOrientations = UIInterfaceOrientationPortrait;
				INFOPLIST_KEY_UISupportedInterfaceOrientations_iPad = "UIInterfaceOrientationPortrait UIInterfaceOrientationPortraitUpsideDown UIInterfaceOrientationLandscapeLeft UIInterfaceOrientationLandscapeRight";
				INFOPLIST_KEY_UISupportedInterfaceOrientations_iPhone = "UIInterfaceOrientationPortrait UIInterfaceOrientationLandscapeLeft UIInterfaceOrientationLandscapeRight";
				LD_RUNPATH_SEARCH_PATHS = (
					"$(inherited)",
					"@executable_path/Frameworks",
				);
				MARKETING_VERSION = 1.0;
				PRODUCT_BUNDLE_IDENTIFIER = "irklch.Santehnika-online-Colchugina";
				PRODUCT_NAME = "$(TARGET_NAME)";
				SWIFT_EMIT_LOC_STRINGS = YES;
				SWIFT_VERSION = 5.0;
				TARGETED_DEVICE_FAMILY = "1,2";
			};
			name = Debug;
		};
		A9A8E9F02716E43F00E20B54 /* Release */ = {
			isa = XCBuildConfiguration;
			baseConfigurationReference = 42AE771A018524AAF09EE517 /* Pods-Santehnika-online-Colchugina.release.xcconfig */;
			buildSettings = {
				ASSETCATALOG_COMPILER_APPICON_NAME = AppIcon;
				ASSETCATALOG_COMPILER_GLOBAL_ACCENT_COLOR_NAME = AccentColor;
				CODE_SIGN_STYLE = Automatic;
				CURRENT_PROJECT_VERSION = 1;
				DEVELOPMENT_TEAM = CY87MBJTCB;
				GENERATE_INFOPLIST_FILE = YES;
				INFOPLIST_FILE = "Santehnika-online-Colchugina/Supports/Info.plist";
				INFOPLIST_KEY_NSLocationWhenInUseUsageDescription = "";
				INFOPLIST_KEY_UIApplicationSupportsIndirectInputEvents = YES;
				INFOPLIST_KEY_UILaunchStoryboardName = LaunchScreen;
				INFOPLIST_KEY_UISupportedInterfaceOrientations = UIInterfaceOrientationPortrait;
				INFOPLIST_KEY_UISupportedInterfaceOrientations_iPad = "UIInterfaceOrientationPortrait UIInterfaceOrientationPortraitUpsideDown UIInterfaceOrientationLandscapeLeft UIInterfaceOrientationLandscapeRight";
				INFOPLIST_KEY_UISupportedInterfaceOrientations_iPhone = "UIInterfaceOrientationPortrait UIInterfaceOrientationLandscapeLeft UIInterfaceOrientationLandscapeRight";
				LD_RUNPATH_SEARCH_PATHS = (
					"$(inherited)",
					"@executable_path/Frameworks",
				);
				MARKETING_VERSION = 1.0;
				PRODUCT_BUNDLE_IDENTIFIER = "irklch.Santehnika-online-Colchugina";
				PRODUCT_NAME = "$(TARGET_NAME)";
				SWIFT_EMIT_LOC_STRINGS = YES;
				SWIFT_VERSION = 5.0;
				TARGETED_DEVICE_FAMILY = "1,2";
			};
			name = Release;
		};
/* End XCBuildConfiguration section */

/* Begin XCConfigurationList section */
		A9A8E9D52716E43C00E20B54 /* Build configuration list for PBXProject "Santehnika-online-Colchugina" */ = {
			isa = XCConfigurationList;
			buildConfigurations = (
				A9A8E9EC2716E43F00E20B54 /* Debug */,
				A9A8E9ED2716E43F00E20B54 /* Release */,
			);
			defaultConfigurationIsVisible = 0;
			defaultConfigurationName = Release;
		};
		A9A8E9EE2716E43F00E20B54 /* Build configuration list for PBXNativeTarget "Santehnika-online-Colchugina" */ = {
			isa = XCConfigurationList;
			buildConfigurations = (
				A9A8E9EF2716E43F00E20B54 /* Debug */,
				A9A8E9F02716E43F00E20B54 /* Release */,
			);
			defaultConfigurationIsVisible = 0;
			defaultConfigurationName = Release;
		};
/* End XCConfigurationList section */
	};
	rootObject = A9A8E9D22716E43C00E20B54 /* Project object */;
}
